
Microsoft Visual Studio Solution File, Format Version 12.00
# Visual Studio Version 17
VisualStudioVersion = 17.1.32421.90
MinimumVisualStudioVersion = 10.0.40219.1
Project("{FAE04EC0-301F-11D3-BF4B-00C04F79EFBC}") = "News", "News\News.csproj", "{59404A0C-3FF3-4CFD-AF43-5D098C87D5A7}"
EndProject
Global
	GlobalSection(SolutionConfigurationPlatforms) = preSolution
		Debug|Any CPU = Debug|Any CPU
		Release|Any CPU = Release|Any CPU
	EndGlobalSection
	GlobalSection(ProjectConfigurationPlatforms) = postSolution
		{59404A0C-3FF3-4CFD-AF43-5D098C87D5A7}.Debug|Any CPU.ActiveCfg = Debug|Any CPU
		{59404A0C-3FF3-4CFD-AF43-5D098C87D5A7}.Debug|Any CPU.Build.0 = Debug|Any CPU
		{59404A0C-3FF3-4CFD-AF43-5D098C87D5A7}.Release|Any CPU.ActiveCfg = Release|Any CPU
		{59404A0C-3FF3-4CFD-AF43-5D098C87D5A7}.Release|Any CPU.Build.0 = Release|Any CPU
	EndGlobalSection
	GlobalSection(SolutionProperties) = preSolution
		HideSolutionNode = FALSE
	EndGlobalSection
	GlobalSection(ExtensibilityGlobals) = postSolution
		SolutionGuid = {A262C967-9EC7-49D5-943C-BDDD3447F220}
	EndGlobalSection
EndGlobal
